// !$*UTF8*$!
{
	archiveVersion = 1;
	classes = {
	};
	objectVersion = 56;
	objects = {

/* Begin PBXBuildFile section */
		631FC4A029A460B5001F9325 /* WeatherAppApp.swift in Sources */ = {isa = PBXBuildFile; fileRef = 631FC49F29A460B5001F9325 /* WeatherAppApp.swift */; };
		631FC4A229A460B5001F9325 /* ContentView.swift in Sources */ = {isa = PBXBuildFile; fileRef = 631FC4A129A460B5001F9325 /* ContentView.swift */; };
		631FC4A429A460B7001F9325 /* Assets.xcassets in Resources */ = {isa = PBXBuildFile; fileRef = 631FC4A329A460B7001F9325 /* Assets.xcassets */; };
		631FC4A729A460B7001F9325 /* Preview Assets.xcassets in Resources */ = {isa = PBXBuildFile; fileRef = 631FC4A629A460B7001F9325 /* Preview Assets.xcassets */; };
		631FC4AE29A460D9001F9325 /* Weather.swift in Sources */ = {isa = PBXBuildFile; fileRef = 631FC4AD29A460D9001F9325 /* Weather.swift */; };
		631FC4B129A461B0001F9325 /* API Keys.plist in Resources */ = {isa = PBXBuildFile; fileRef = 631FC4B029A461B0001F9325 /* API Keys.plist */; };
		631FC4B329A461EF001F9325 /* User.swift in Sources */ = {isa = PBXBuildFile; fileRef = 631FC4B229A461EF001F9325 /* User.swift */; };
		631FC4B529A463CC001F9325 /* LaunchView.swift in Sources */ = {isa = PBXBuildFile; fileRef = 631FC4B429A463CC001F9325 /* LaunchView.swift */; };
		631FC4B729A46423001F9325 /* LaunchStateManager.swift in Sources */ = {isa = PBXBuildFile; fileRef = 631FC4B629A46423001F9325 /* LaunchStateManager.swift */; };
		631FC4B929A4643E001F9325 /* LaunchState.swift in Sources */ = {isa = PBXBuildFile; fileRef = 631FC4B829A4643E001F9325 /* LaunchState.swift */; };
		631FC4BD29A465BE001F9325 /* LoginView.swift in Sources */ = {isa = PBXBuildFile; fileRef = 631FC4BC29A465BE001F9325 /* LoginView.swift */; };
		631FC4BF29A46C01001F9325 /* RegisterView.swift in Sources */ = {isa = PBXBuildFile; fileRef = 631FC4BE29A46C01001F9325 /* RegisterView.swift */; };
/* End PBXBuildFile section */

/* Begin PBXFileReference section */
		631FC49C29A460B5001F9325 /* WeatherApp.app */ = {isa = PBXFileReference; explicitFileType = wrapper.application; includeInIndex = 0; path = WeatherApp.app; sourceTree = BUILT_PRODUCTS_DIR; };
		631FC49F29A460B5001F9325 /* WeatherAppApp.swift */ = {isa = PBXFileReference; lastKnownFileType = sourcecode.swift; path = WeatherAppApp.swift; sourceTree = "<group>"; };
		631FC4A129A460B5001F9325 /* ContentView.swift */ = {isa = PBXFileReference; lastKnownFileType = sourcecode.swift; path = ContentView.swift; sourceTree = "<group>"; };
		631FC4A329A460B7001F9325 /* Assets.xcassets */ = {isa = PBXFileReference; lastKnownFileType = folder.assetcatalog; path = Assets.xcassets; sourceTree = "<group>"; };
		631FC4A629A460B7001F9325 /* Preview Assets.xcassets */ = {isa = PBXFileReference; lastKnownFileType = folder.assetcatalog; path = "Preview Assets.xcassets"; sourceTree = "<group>"; };
		631FC4AD29A460D9001F9325 /* Weather.swift */ = {isa = PBXFileReference; lastKnownFileType = sourcecode.swift; path = Weather.swift; sourceTree = "<group>"; };
		631FC4B029A461B0001F9325 /* API Keys.plist */ = {isa = PBXFileReference; lastKnownFileType = text.plist.xml; path = "API Keys.plist"; sourceTree = "<group>"; };
		631FC4B229A461EF001F9325 /* User.swift */ = {isa = PBXFileReference; lastKnownFileType = sourcecode.swift; path = User.swift; sourceTree = "<group>"; };
		631FC4B429A463CC001F9325 /* LaunchView.swift */ = {isa = PBXFileReference; lastKnownFileType = sourcecode.swift; path = LaunchView.swift; sourceTree = "<group>"; };
		631FC4B629A46423001F9325 /* LaunchStateManager.swift */ = {isa = PBXFileReference; lastKnownFileType = sourcecode.swift; path = LaunchStateManager.swift; sourceTree = "<group>"; };
		631FC4B829A4643E001F9325 /* LaunchState.swift */ = {isa = PBXFileReference; lastKnownFileType = sourcecode.swift; path = LaunchState.swift; sourceTree = "<group>"; };
		631FC4BC29A465BE001F9325 /* LoginView.swift */ = {isa = PBXFileReference; lastKnownFileType = sourcecode.swift; path = LoginView.swift; sourceTree = "<group>"; };
		631FC4BE29A46C01001F9325 /* RegisterView.swift */ = {isa = PBXFileReference; lastKnownFileType = sourcecode.swift; path = RegisterView.swift; sourceTree = "<group>"; };
/* End PBXFileReference section */

/* Begin PBXFrameworksBuildPhase section */
		631FC49929A460B5001F9325 /* Frameworks */ = {
			isa = PBXFrameworksBuildPhase;
			buildActionMask = 2147483647;
			files = (
			);
			runOnlyForDeploymentPostprocessing = 0;
		};
/* End PBXFrameworksBuildPhase section */

/* Begin PBXGroup section */
		631FC49329A460B5001F9325 = {
			isa = PBXGroup;
			children = (
				631FC4B029A461B0001F9325 /* API Keys.plist */,
				631FC49E29A460B5001F9325 /* WeatherApp */,
				631FC49D29A460B5001F9325 /* Products */,
			);
			sourceTree = "<group>";
		};
		631FC49D29A460B5001F9325 /* Products */ = {
			isa = PBXGroup;
			children = (
				631FC49C29A460B5001F9325 /* WeatherApp.app */,
			);
			name = Products;
			sourceTree = "<group>";
		};
		631FC49E29A460B5001F9325 /* WeatherApp */ = {
			isa = PBXGroup;
			children = (
				631FC4BB29A464E0001F9325 /* View */,
				631FC4BA29A464D4001F9325 /* System */,
				631FC4AF29A460EC001F9325 /* Models */,
				631FC49F29A460B5001F9325 /* WeatherAppApp.swift */,
				631FC4A329A460B7001F9325 /* Assets.xcassets */,
				631FC4A529A460B7001F9325 /* Preview Content */,
			);
			path = WeatherApp;
			sourceTree = "<group>";
		};
		631FC4A529A460B7001F9325 /* Preview Content */ = {
			isa = PBXGroup;
			children = (
				631FC4A629A460B7001F9325 /* Preview Assets.xcassets */,
			);
			path = "Preview Content";
			sourceTree = "<group>";
		};
		631FC4AF29A460EC001F9325 /* Models */ = {
			isa = PBXGroup;
			children = (
				631FC4AD29A460D9001F9325 /* Weather.swift */,
				631FC4B229A461EF001F9325 /* User.swift */,
			);
			path = Models;
			sourceTree = "<group>";
		};
		631FC4BA29A464D4001F9325 /* System */ = {
			isa = PBXGroup;
			children = (
				631FC4B629A46423001F9325 /* LaunchStateManager.swift */,
				631FC4B829A4643E001F9325 /* LaunchState.swift */,
			);
			path = System;
			sourceTree = "<group>";
		};
		631FC4BB29A464E0001F9325 /* View */ = {
			isa = PBXGroup;
			children = (
				631FC4A129A460B5001F9325 /* ContentView.swift */,
				631FC4B429A463CC001F9325 /* LaunchView.swift */,
				631FC4BC29A465BE001F9325 /* LoginView.swift */,
				631FC4BE29A46C01001F9325 /* RegisterView.swift */,
			);
			path = View;
			sourceTree = "<group>";
		};
/* End PBXGroup section */

/* Begin PBXNativeTarget section */
		631FC49B29A460B5001F9325 /* WeatherApp */ = {
			isa = PBXNativeTarget;
			buildConfigurationList = 631FC4AA29A460B7001F9325 /* Build configuration list for PBXNativeTarget "WeatherApp" */;
			buildPhases = (
				631FC49829A460B5001F9325 /* Sources */,
				631FC49929A460B5001F9325 /* Frameworks */,
				631FC49A29A460B5001F9325 /* Resources */,
			);
			buildRules = (
			);
			dependencies = (
			);
			name = WeatherApp;
			productName = WeatherApp;
			productReference = 631FC49C29A460B5001F9325 /* WeatherApp.app */;
			productType = "com.apple.product-type.application";
		};
/* End PBXNativeTarget section */

/* Begin PBXProject section */
		631FC49429A460B5001F9325 /* Project object */ = {
			isa = PBXProject;
			attributes = {
				BuildIndependentTargetsInParallel = 1;
				LastSwiftUpdateCheck = 1420;
				LastUpgradeCheck = 1420;
				TargetAttributes = {
					631FC49B29A460B5001F9325 = {
						CreatedOnToolsVersion = 14.2;
					};
				};
			};
			buildConfigurationList = 631FC49729A460B5001F9325 /* Build configuration list for PBXProject "WeatherApp" */;
			compatibilityVersion = "Xcode 14.0";
			developmentRegion = en;
			hasScannedForEncodings = 0;
			knownRegions = (
				en,
				Base,
			);
			mainGroup = 631FC49329A460B5001F9325;
			productRefGroup = 631FC49D29A460B5001F9325 /* Products */;
			projectDirPath = "";
			projectRoot = "";
			targets = (
				631FC49B29A460B5001F9325 /* WeatherApp */,
			);
		};
/* End PBXProject section */

/* Begin PBXResourcesBuildPhase section */
		631FC49A29A460B5001F9325 /* Resources */ = {
			isa = PBXResourcesBuildPhase;
			buildActionMask = 2147483647;
			files = (
				631FC4B129A461B0001F9325 /* API Keys.plist in Resources */,
				631FC4A729A460B7001F9325 /* Preview Assets.xcassets in Resources */,
				631FC4A429A460B7001F9325 /* Assets.xcassets in Resources */,
			);
			runOnlyForDeploymentPostprocessing = 0;
		};
/* End PBXResourcesBuildPhase section */

/* Begin PBXSourcesBuildPhase section */
		631FC49829A460B5001F9325 /* Sources */ = {
			isa = PBXSourcesBuildPhase;
			buildActionMask = 2147483647;
			files = (
				631FC4BF29A46C01001F9325 /* RegisterView.swift in Sources */,
				631FC4B329A461EF001F9325 /* User.swift in Sources */,
				631FC4B529A463CC001F9325 /* LaunchView.swift in Sources */,
				631FC4B729A46423001F9325 /* LaunchStateManager.swift in Sources */,
				631FC4A229A460B5001F9325 /* ContentView.swift in Sources */,
				631FC4AE29A460D9001F9325 /* Weather.swift in Sources */,
				631FC4A029A460B5001F9325 /* WeatherAppApp.swift in Sources */,
				631FC4BD29A465BE001F9325 /* LoginView.swift in Sources */,
				631FC4B929A4643E001F9325 /* LaunchState.swift in Sources */,
			);
			runOnlyForDeploymentPostprocessing = 0;
		};
/* End PBXSourcesBuildPhase section */

/* Begin XCBuildConfiguration section */
		631FC4A829A460B7001F9325 /* Debug */ = {
			isa = XCBuildConfiguration;
			buildSettings = {
				ALWAYS_SEARCH_USER_PATHS = NO;
				CLANG_ANALYZER_NONNULL = YES;
				CLANG_ANALYZER_NUMBER_OBJECT_CONVERSION = YES_AGGRESSIVE;
				CLANG_CXX_LANGUAGE_STANDARD = "gnu++20";
				CLANG_ENABLE_MODULES = YES;
				CLANG_ENABLE_OBJC_ARC = YES;
				CLANG_ENABLE_OBJC_WEAK = YES;
				CLANG_WARN_BLOCK_CAPTURE_AUTORELEASING = YES;
				CLANG_WARN_BOOL_CONVERSION = YES;
				CLANG_WARN_COMMA = YES;
				CLANG_WARN_CONSTANT_CONVERSION = YES;
				CLANG_WARN_DEPRECATED_OBJC_IMPLEMENTATIONS = YES;
				CLANG_WARN_DIRECT_OBJC_ISA_USAGE = YES_ERROR;
				CLANG_WARN_DOCUMENTATION_COMMENTS = YES;
				CLANG_WARN_EMPTY_BODY = YES;
				CLANG_WARN_ENUM_CONVERSION = YES;
				CLANG_WARN_INFINITE_RECURSION = YES;
				CLANG_WARN_INT_CONVERSION = YES;
				CLANG_WARN_NON_LITERAL_NULL_CONVERSION = YES;
				CLANG_WARN_OBJC_IMPLICIT_RETAIN_SELF = YES;
				CLANG_WARN_OBJC_LITERAL_CONVERSION = YES;
				CLANG_WARN_OBJC_ROOT_CLASS = YES_ERROR;
				CLANG_WARN_QUOTED_INCLUDE_IN_FRAMEWORK_HEADER = YES;
				CLANG_WARN_RANGE_LOOP_ANALYSIS = YES;
				CLANG_WARN_STRICT_PROTOTYPES = YES;
				CLANG_WARN_SUSPICIOUS_MOVE = YES;
				CLANG_WARN_UNGUARDED_AVAILABILITY = YES_AGGRESSIVE;
				CLANG_WARN_UNREACHABLE_CODE = YES;
				CLANG_WARN__DUPLICATE_METHOD_MATCH = YES;
				COPY_PHASE_STRIP = NO;
				DEBUG_INFORMATION_FORMAT = dwarf;
				ENABLE_STRICT_OBJC_MSGSEND = YES;
				ENABLE_TESTABILITY = YES;
				GCC_C_LANGUAGE_STANDARD = gnu11;
				GCC_DYNAMIC_NO_PIC = NO;
				GCC_NO_COMMON_BLOCKS = YES;
				GCC_OPTIMIZATION_LEVEL = 0;
				GCC_PREPROCESSOR_DEFINITIONS = (
					"DEBUG=1",
					"$(inherited)",
				);
				GCC_WARN_64_TO_32_BIT_CONVERSION = YES;
				GCC_WARN_ABOUT_RETURN_TYPE = YES_ERROR;
				GCC_WARN_UNDECLARED_SELECTOR = YES;
				GCC_WARN_UNINITIALIZED_AUTOS = YES_AGGRESSIVE;
				GCC_WARN_UNUSED_FUNCTION = YES;
				GCC_WARN_UNUSED_VARIABLE = YES;
				IPHONEOS_DEPLOYMENT_TARGET = 16.2;
				MTL_ENABLE_DEBUG_INFO = INCLUDE_SOURCE;
				MTL_FAST_MATH = YES;
				ONLY_ACTIVE_ARCH = YES;
				SDKROOT = iphoneos;
				SWIFT_ACTIVE_COMPILATION_CONDITIONS = DEBUG;
				SWIFT_OPTIMIZATION_LEVEL = "-Onone";
			};
			name = Debug;
		};
		631FC4A929A460B7001F9325 /* Release */ = {
			isa = XCBuildConfiguration;
			buildSettings = {
				ALWAYS_SEARCH_USER_PATHS = NO;
				CLANG_ANALYZER_NONNULL = YES;
				CLANG_ANALYZER_NUMBER_OBJECT_CONVERSION = YES_AGGRESSIVE;
				CLANG_CXX_LANGUAGE_STANDARD = "gnu++20";
				CLANG_ENABLE_MODULES = YES;
				CLANG_ENABLE_OBJC_ARC = YES;
				CLANG_ENABLE_OBJC_WEAK = YES;
				CLANG_WARN_BLOCK_CAPTURE_AUTORELEASING = YES;
				CLANG_WARN_BOOL_CONVERSION = YES;
				CLANG_WARN_COMMA = YES;
				CLANG_WARN_CONSTANT_CONVERSION = YES;
				CLANG_WARN_DEPRECATED_OBJC_IMPLEMENTATIONS = YES;
				CLANG_WARN_DIRECT_OBJC_ISA_USAGE = YES_ERROR;
				CLANG_WARN_DOCUMENTATION_COMMENTS = YES;
				CLANG_WARN_EMPTY_BODY = YES;
				CLANG_WARN_ENUM_CONVERSION = YES;
				CLANG_WARN_INFINITE_RECURSION = YES;
				CLANG_WARN_INT_CONVERSION = YES;
				CLANG_WARN_NON_LITERAL_NULL_CONVERSION = YES;
				CLANG_WARN_OBJC_IMPLICIT_RETAIN_SELF = YES;
				CLANG_WARN_OBJC_LITERAL_CONVERSION = YES;
				CLANG_WARN_OBJC_ROOT_CLASS = YES_ERROR;
				CLANG_WARN_QUOTED_INCLUDE_IN_FRAMEWORK_HEADER = YES;
				CLANG_WARN_RANGE_LOOP_ANALYSIS = YES;
				CLANG_WARN_STRICT_PROTOTYPES = YES;
				CLANG_WARN_SUSPICIOUS_MOVE = YES;
				CLANG_WARN_UNGUARDED_AVAILABILITY = YES_AGGRESSIVE;
				CLANG_WARN_UNREACHABLE_CODE = YES;
				CLANG_WARN__DUPLICATE_METHOD_MATCH = YES;
				COPY_PHASE_STRIP = NO;
				DEBUG_INFORMATION_FORMAT = "dwarf-with-dsym";
				ENABLE_NS_ASSERTIONS = NO;
				ENABLE_STRICT_OBJC_MSGSEND = YES;
				GCC_C_LANGUAGE_STANDARD = gnu11;
				GCC_NO_COMMON_BLOCKS = YES;
				GCC_WARN_64_TO_32_BIT_CONVERSION = YES;
				GCC_WARN_ABOUT_RETURN_TYPE = YES_ERROR;
				GCC_WARN_UNDECLARED_SELECTOR = YES;
				GCC_WARN_UNINITIALIZED_AUTOS = YES_AGGRESSIVE;
				GCC_WARN_UNUSED_FUNCTION = YES;
				GCC_WARN_UNUSED_VARIABLE = YES;
				IPHONEOS_DEPLOYMENT_TARGET = 16.2;
				MTL_ENABLE_DEBUG_INFO = NO;
				MTL_FAST_MATH = YES;
				SDKROOT = iphoneos;
				SWIFT_COMPILATION_MODE = wholemodule;
				SWIFT_OPTIMIZATION_LEVEL = "-O";
				VALIDATE_PRODUCT = YES;
			};
			name = Release;
		};
		631FC4AB29A460B7001F9325 /* Debug */ = {
			isa = XCBuildConfiguration;
			buildSettings = {
				ASSETCATALOG_COMPILER_APPICON_NAME = AppIcon;
				ASSETCATALOG_COMPILER_GLOBAL_ACCENT_COLOR_NAME = AccentColor;
				CODE_SIGN_STYLE = Automatic;
				CURRENT_PROJECT_VERSION = 1;
				DEVELOPMENT_ASSET_PATHS = "\"WeatherApp/Preview Content\"";
				DEVELOPMENT_TEAM = TQ27LL9PXC;
				ENABLE_PREVIEWS = YES;
				GENERATE_INFOPLIST_FILE = YES;
				INFOPLIST_KEY_UIApplicationSceneManifest_Generation = YES;
				INFOPLIST_KEY_UIApplicationSupportsIndirectInputEvents = YES;
				INFOPLIST_KEY_UILaunchScreen_Generation = YES;
				INFOPLIST_KEY_UISupportedInterfaceOrientations_iPad = "UIInterfaceOrientationPortrait UIInterfaceOrientationPortraitUpsideDown UIInterfaceOrientationLandscapeLeft UIInterfaceOrientationLandscapeRight";
				INFOPLIST_KEY_UISupportedInterfaceOrientations_iPhone = "UIInterfaceOrientationPortrait UIInterfaceOrientationLandscapeLeft UIInterfaceOrientationLandscapeRight";
				LD_RUNPATH_SEARCH_PATHS = (
					"$(inherited)",
					"@executable_path/Frameworks",
				);
				MARKETING_VERSION = 1.0;
				PRODUCT_BUNDLE_IDENTIFIER = ca.softtrak.WeatherApp;
				PRODUCT_NAME = "$(TARGET_NAME)";
				SWIFT_EMIT_LOC_STRINGS = YES;
				SWIFT_VERSION = 5.0;
				TARGETED_DEVICE_FAMILY = "1,2";
			};
			name = Debug;
		};
		631FC4AC29A460B7001F9325 /* Release */ = {
			isa = XCBuildConfiguration;
			buildSettings = {
				ASSETCATALOG_COMPILER_APPICON_NAME = AppIcon;
				ASSETCATALOG_COMPILER_GLOBAL_ACCENT_COLOR_NAME = AccentColor;
				CODE_SIGN_STYLE = Automatic;
				CURRENT_PROJECT_VERSION = 1;
				DEVELOPMENT_ASSET_PATHS = "\"WeatherApp/Preview Content\"";
				DEVELOPMENT_TEAM = TQ27LL9PXC;
				ENABLE_PREVIEWS = YES;
				GENERATE_INFOPLIST_FILE = YES;
				INFOPLIST_KEY_UIApplicationSceneManifest_Generation = YES;
				INFOPLIST_KEY_UIApplicationSupportsIndirectInputEvents = YES;
				INFOPLIST_KEY_UILaunchScreen_Generation = YES;
				INFOPLIST_KEY_UISupportedInterfaceOrientations_iPad = "UIInterfaceOrientationPortrait UIInterfaceOrientationPortraitUpsideDown UIInterfaceOrientationLandscapeLeft UIInterfaceOrientationLandscapeRight";
				INFOPLIST_KEY_UISupportedInterfaceOrientations_iPhone = "UIInterfaceOrientationPortrait UIInterfaceOrientationLandscapeLeft UIInterfaceOrientationLandscapeRight";
				LD_RUNPATH_SEARCH_PATHS = (
					"$(inherited)",
					"@executable_path/Frameworks",
				);
				MARKETING_VERSION = 1.0;
				PRODUCT_BUNDLE_IDENTIFIER = ca.softtrak.WeatherApp;
				PRODUCT_NAME = "$(TARGET_NAME)";
				SWIFT_EMIT_LOC_STRINGS = YES;
				SWIFT_VERSION = 5.0;
				TARGETED_DEVICE_FAMILY = "1,2";
			};
			name = Release;
		};
/* End XCBuildConfiguration section */

/* Begin XCConfigurationList section */
		631FC49729A460B5001F9325 /* Build configuration list for PBXProject "WeatherApp" */ = {
			isa = XCConfigurationList;
			buildConfigurations = (
				631FC4A829A460B7001F9325 /* Debug */,
				631FC4A929A460B7001F9325 /* Release */,
			);
			defaultConfigurationIsVisible = 0;
			defaultConfigurationName = Release;
		};
		631FC4AA29A460B7001F9325 /* Build configuration list for PBXNativeTarget "WeatherApp" */ = {
			isa = XCConfigurationList;
			buildConfigurations = (
				631FC4AB29A460B7001F9325 /* Debug */,
				631FC4AC29A460B7001F9325 /* Release */,
			);
			defaultConfigurationIsVisible = 0;
			defaultConfigurationName = Release;
		};
/* End XCConfigurationList section */
	};
	rootObject = 631FC49429A460B5001F9325 /* Project object */;
}
